
Microsoft Visual Studio Solution File, Format Version 12.00
# Visual Studio Version 16
VisualStudioVersion = 16.0.32126.315
MinimumVisualStudioVersion = 10.0.40219.1
Project("{FAE04EC0-301F-11D3-BF4B-00C04F79EFBC}") = "FilmesAPI", "FilmesAPI\FilmesAPI.csproj", "{E120FEFC-E92A-4807-B1FC-0BC033A36089}"
EndProject
Global
	GlobalSection(SolutionConfigurationPlatforms) = preSolution
		Debug|Any CPU = Debug|Any CPU
		Release|Any CPU = Release|Any CPU
	EndGlobalSection
	GlobalSection(ProjectConfigurationPlatforms) = postSolution
		{E120FEFC-E92A-4807-B1FC-0BC033A36089}.Debug|Any CPU.ActiveCfg = Debug|Any CPU
		{E120FEFC-E92A-4807-B1FC-0BC033A36089}.Debug|Any CPU.Build.0 = Debug|Any CPU
		{E120FEFC-E92A-4807-B1FC-0BC033A36089}.Release|Any CPU.ActiveCfg = Release|Any CPU
		{E120FEFC-E92A-4807-B1FC-0BC033A36089}.Release|Any CPU.Build.0 = Release|Any CPU
	EndGlobalSection
	GlobalSection(SolutionProperties) = preSolution
		HideSolutionNode = FALSE
	EndGlobalSection
	GlobalSection(ExtensibilityGlobals) = postSolution
		SolutionGuid = {A653CF50-C7D4-4628-B2A3-1BE7F2C0985F}
	EndGlobalSection
EndGlobal
